
Microsoft Visual Studio Solution File, Format Version 12.00
# Visual Studio 15
VisualStudioVersion = 15.0.28010.2026
MinimumVisualStudioVersion = 10.0.40219.1
Project("{FAE04EC0-301F-11D3-BF4B-00C04F79EFBC}") = "TabataTimer", "TabataTimer\TabataTimer.csproj", "{BCEAB52D-F5EB-4BD8-804B-D10F6C608A1D}"
EndProject
Global
	GlobalSection(SolutionConfigurationPlatforms) = preSolution
		Debug|Any CPU = Debug|Any CPU
		Release|Any CPU = Release|Any CPU
	EndGlobalSection
	GlobalSection(ProjectConfigurationPlatforms) = postSolution
		{BCEAB52D-F5EB-4BD8-804B-D10F6C608A1D}.Debug|Any CPU.ActiveCfg = Debug|Any CPU
		{BCEAB52D-F5EB-4BD8-804B-D10F6C608A1D}.Debug|Any CPU.Build.0 = Debug|Any CPU
		{BCEAB52D-F5EB-4BD8-804B-D10F6C608A1D}.Release|Any CPU.ActiveCfg = Release|Any CPU
		{BCEAB52D-F5EB-4BD8-804B-D10F6C608A1D}.Release|Any CPU.Build.0 = Release|Any CPU
	EndGlobalSection
	GlobalSection(SolutionProperties) = preSolution
		HideSolutionNode = FALSE
	EndGlobalSection
	GlobalSection(ExtensibilityGlobals) = postSolution
		SolutionGuid = {A43E314D-401B-4739-BA60-D6652F983323}
	EndGlobalSection
EndGlobal
